<?xml version="1.0" encoding="utf-8"?>
<Project ToolsVersion="4.0" xmlns="http://schemas.microsoft.com/developer/msbuild/2003">
  <ItemGroup>
<<<<<<< HEAD
<<<<<<< 4b82fd844271780ff29f3529c38548bd88192168
<<<<<<< b75bf3fa04b13fc5151391a15710c269b26b1c49
=======
>>>>>>> Added trigger acceleration for player
=======
>>>>>>> 90da12e5af7f458a09c7ea750e89931392c9a10b
    <ClCompile Include="src\Ai.cpp">
      <Filter>src</Filter>
    </ClCompile>
    <ClCompile Include="src\BTMath.cpp">
      <Filter>src</Filter>
    </ClCompile>
    <ClCompile Include="src\Car.cpp">
      <Filter>src</Filter>
    </ClCompile>
    <ClCompile Include="src\Game.cpp">
      <Filter>src</Filter>
    </ClCompile>
<<<<<<< HEAD
<<<<<<< 1348b97885bf65f97e68d2366ef6208dc902c636
<<<<<<< 4b82fd844271780ff29f3529c38548bd88192168
=======
    <ClCompile Include="src\Garage.cpp">
      <Filter>src</Filter>
    </ClCompile>
>>>>>>> Added trigger acceleration for player
=======
>>>>>>> Added Rotation but need to debug intial moment
    <ClCompile Include="src\LevelLoader.cpp">
      <Filter>src</Filter>
    </ClCompile>
    <ClCompile Include="src\main.cpp">
      <Filter>src</Filter>
    </ClCompile>
<<<<<<< 1348b97885bf65f97e68d2366ef6208dc902c636
<<<<<<< 4b82fd844271780ff29f3529c38548bd88192168
    <ClCompile Include="src\Node.cpp">
      <Filter>src</Filter>
    </ClCompile>
    <ClCompile Include="src\ResourceManager.cpp">
      <Filter>src</Filter>
    </ClCompile>
    <ClCompile Include="src\RoadTile.cpp">
      <Filter>src</Filter>
    </ClCompile>
    <ClCompile Include="src\Widget.cpp">
      <Filter>src</Filter>
    </ClCompile>
    <ClCompile Include="src\Xbox360Controller.cpp">
      <Filter>src</Filter>
    </ClCompile>
    <ClCompile Include="src\Splash.cpp">
      <Filter>src\Screens</Filter>
    </ClCompile>
    <ClCompile Include="src\Play.cpp">
      <Filter>src\Screens</Filter>
    </ClCompile>
    <ClCompile Include="src\Options.cpp">
      <Filter>src\Screens</Filter>
    </ClCompile>
    <ClCompile Include="src\Menu.cpp">
      <Filter>src\Screens</Filter>
    </ClCompile>
=======
    <ClCompile Include="src\LevelLoader.cpp">
      <Filter>src</Filter>
    </ClCompile>
    <ClCompile Include="src\main.cpp">
      <Filter>src</Filter>
    </ClCompile>
    <ClCompile Include="src\Node.cpp">
      <Filter>src</Filter>
    </ClCompile>
    <ClCompile Include="src\ResourceManager.cpp">
      <Filter>src</Filter>
    </ClCompile>
    <ClCompile Include="src\RoadTile.cpp">
      <Filter>src</Filter>
    </ClCompile>
    <ClCompile Include="src\Widget.cpp">
      <Filter>src</Filter>
    </ClCompile>
    <ClCompile Include="src\Xbox360Controller.cpp">
      <Filter>src</Filter>
    </ClCompile>
    <ClCompile Include="src\Splash.cpp">
      <Filter>src\Screens</Filter>
    </ClCompile>
    <ClCompile Include="src\Play.cpp">
      <Filter>src\Screens</Filter>
    </ClCompile>
    <ClCompile Include="src\Options.cpp">
      <Filter>src\Screens</Filter>
    </ClCompile>
    <ClCompile Include="src\Menu.cpp">
      <Filter>src\Screens</Filter>
    </ClCompile>
>>>>>>> 90da12e5af7f458a09c7ea750e89931392c9a10b
    <ClCompile Include="src\Garage.cpp">
      <Filter>src\Screens</Filter>
    </ClCompile>
  </ItemGroup>
  <ItemGroup>
    <ClInclude Include="include\Ai.h">
      <Filter>header</Filter>
<<<<<<< HEAD
    </ClInclude>
    <ClInclude Include="include\BTMath.h">
      <Filter>header</Filter>
    </ClInclude>
    <ClInclude Include="include\Car.h">
      <Filter>header</Filter>
    </ClInclude>
    <ClInclude Include="include\Game.h">
      <Filter>header</Filter>
    </ClInclude>
    <ClInclude Include="include\GameState.h">
      <Filter>header</Filter>
    </ClInclude>
    <ClInclude Include="include\LevelLoader.h">
      <Filter>header</Filter>
    </ClInclude>
    <ClInclude Include="include\Node.h">
      <Filter>header</Filter>
    </ClInclude>
    <ClInclude Include="include\ResouceManager.h">
      <Filter>header</Filter>
    </ClInclude>
    <ClInclude Include="include\RoadTile.h">
      <Filter>header</Filter>
    </ClInclude>
    <ClInclude Include="include\Widget.h">
      <Filter>header</Filter>
    </ClInclude>
    <ClInclude Include="include\Xbox360Controller.h">
      <Filter>header</Filter>
    </ClInclude>
    <ClInclude Include="include\Splash.h">
      <Filter>header\Screens</Filter>
    </ClInclude>
    <ClInclude Include="include\Play.h">
      <Filter>header\Screens</Filter>
    </ClInclude>
    <ClInclude Include="include\Options.h">
      <Filter>header\Screens</Filter>
    </ClInclude>
    <ClInclude Include="include\Menu.h">
      <Filter>header\Screens</Filter>
    </ClInclude>
    <ClInclude Include="include\Garage.h">
      <Filter>header\Screens</Filter>
    </ClInclude>
=======
    <ClCompile Include="src\Ai.cpp" />
    <ClCompile Include="src\Car.cpp" />
    <ClCompile Include="src\Game.cpp" />
    <ClCompile Include="src\Garage.cpp" />
    <ClCompile Include="src\LevelLoader.cpp" />
    <ClCompile Include="src\main.cpp" />
    <ClCompile Include="src\Menu.cpp" />
    <ClCompile Include="src\Node.cpp" />
    <ClCompile Include="src\Options.cpp" />
    <ClCompile Include="src\Play.cpp" />
    <ClCompile Include="src\ResourceManager.cpp" />
    <ClCompile Include="src\RoadTile.cpp" />
    <ClCompile Include="src\Splash.cpp" />
    <ClCompile Include="src\Widget.cpp" />
    <ClCompile Include="src\Xbox360Controller.cpp" />
    <ClCompile Include="src\BTMath.cpp" />
  </ItemGroup>
  <ItemGroup>
    <ClInclude Include="include\Ai.h" />
    <ClInclude Include="include\Car.h" />
    <ClInclude Include="include\Game.h" />
    <ClInclude Include="include\GameState.h" />
    <ClInclude Include="include\Garage.h" />
    <ClInclude Include="include\LevelLoader.h" />
    <ClInclude Include="include\Menu.h" />
    <ClInclude Include="include\Node.h" />
    <ClInclude Include="include\Options.h" />
    <ClInclude Include="include\Play.h" />
    <ClInclude Include="include\ResouceManager.h" />
    <ClInclude Include="include\RoadTile.h" />
    <ClInclude Include="include\Splash.h" />
    <ClInclude Include="include\Widget.h" />
    <ClInclude Include="include\Xbox360Controller.h" />
    <ClInclude Include="include\BTMath.h" />
>>>>>>> added functionality for AI following nodes
=======
    <ClCompile Include="src\Menu.cpp">
      <Filter>src</Filter>
    </ClCompile>
=======
>>>>>>> Added Rotation but need to debug intial moment
    <ClCompile Include="src\Node.cpp">
      <Filter>src</Filter>
    </ClCompile>
    <ClCompile Include="src\ResourceManager.cpp">
      <Filter>src</Filter>
    </ClCompile>
    <ClCompile Include="src\RoadTile.cpp">
      <Filter>src</Filter>
    </ClCompile>
    <ClCompile Include="src\Widget.cpp">
      <Filter>src</Filter>
    </ClCompile>
    <ClCompile Include="src\Xbox360Controller.cpp">
      <Filter>src</Filter>
    </ClCompile>
    <ClCompile Include="src\Splash.cpp">
      <Filter>src\Screens</Filter>
    </ClCompile>
    <ClCompile Include="src\Play.cpp">
      <Filter>src\Screens</Filter>
    </ClCompile>
    <ClCompile Include="src\Options.cpp">
      <Filter>src\Screens</Filter>
    </ClCompile>
    <ClCompile Include="src\Menu.cpp">
      <Filter>src\Screens</Filter>
    </ClCompile>
    <ClCompile Include="src\Garage.cpp">
      <Filter>src\Screens</Filter>
    </ClCompile>
  </ItemGroup>
  <ItemGroup>
    <ClInclude Include="include\Ai.h">
      <Filter>header</Filter>
    </ClInclude>
    <ClInclude Include="include\BTMath.h">
      <Filter>header</Filter>
    </ClInclude>
    <ClInclude Include="include\Car.h">
      <Filter>header</Filter>
    </ClInclude>
    <ClInclude Include="include\Game.h">
      <Filter>header</Filter>
    </ClInclude>
    <ClInclude Include="include\GameState.h">
      <Filter>header</Filter>
    </ClInclude>
    <ClInclude Include="include\LevelLoader.h">
      <Filter>header</Filter>
    </ClInclude>
    <ClInclude Include="include\Node.h">
      <Filter>header</Filter>
    </ClInclude>
    <ClInclude Include="include\ResouceManager.h">
      <Filter>header</Filter>
    </ClInclude>
    <ClInclude Include="include\RoadTile.h">
      <Filter>header</Filter>
    </ClInclude>
    <ClInclude Include="include\Widget.h">
      <Filter>header</Filter>
    </ClInclude>
    <ClInclude Include="include\Xbox360Controller.h">
      <Filter>header</Filter>
    </ClInclude>
<<<<<<< 1348b97885bf65f97e68d2366ef6208dc902c636
>>>>>>> Added trigger acceleration for player
=======
    <ClInclude Include="include\Splash.h">
=======
    </ClInclude>
    <ClInclude Include="include\BTMath.h">
      <Filter>header</Filter>
    </ClInclude>
    <ClInclude Include="include\Car.h">
      <Filter>header</Filter>
    </ClInclude>
    <ClInclude Include="include\Game.h">
      <Filter>header</Filter>
    </ClInclude>
    <ClInclude Include="include\GameState.h">
      <Filter>header</Filter>
    </ClInclude>
    <ClInclude Include="include\LevelLoader.h">
      <Filter>header</Filter>
    </ClInclude>
    <ClInclude Include="include\Node.h">
      <Filter>header</Filter>
    </ClInclude>
    <ClInclude Include="include\ResouceManager.h">
      <Filter>header</Filter>
    </ClInclude>
    <ClInclude Include="include\RoadTile.h">
      <Filter>header</Filter>
    </ClInclude>
    <ClInclude Include="include\Widget.h">
      <Filter>header</Filter>
    </ClInclude>
    <ClInclude Include="include\Xbox360Controller.h">
      <Filter>header</Filter>
    </ClInclude>
    <ClInclude Include="include\Splash.h">
      <Filter>header\Screens</Filter>
    </ClInclude>
    <ClInclude Include="include\Play.h">
      <Filter>header\Screens</Filter>
    </ClInclude>
    <ClInclude Include="include\Options.h">
      <Filter>header\Screens</Filter>
    </ClInclude>
    <ClInclude Include="include\Menu.h">
      <Filter>header\Screens</Filter>
    </ClInclude>
    <ClInclude Include="include\Garage.h">
>>>>>>> 90da12e5af7f458a09c7ea750e89931392c9a10b
      <Filter>header\Screens</Filter>
    </ClInclude>
    <ClInclude Include="include\Play.h">
      <Filter>header\Screens</Filter>
    </ClInclude>
    <ClInclude Include="include\Options.h">
      <Filter>header\Screens</Filter>
    </ClInclude>
    <ClInclude Include="include\Menu.h">
      <Filter>header\Screens</Filter>
    </ClInclude>
    <ClInclude Include="include\Garage.h">
      <Filter>header\Screens</Filter>
    </ClInclude>
>>>>>>> Added Rotation but need to debug intial moment
  </ItemGroup>
  <ItemGroup>
    <Filter Include="src">
      <UniqueIdentifier>{04493249-09c1-442a-9049-8c330cef3679}</UniqueIdentifier>
    </Filter>
    <Filter Include="header">
      <UniqueIdentifier>{2a1b5bda-f5ba-417f-8043-7488ebec29cc}</UniqueIdentifier>
    </Filter>
<<<<<<< 1348b97885bf65f97e68d2366ef6208dc902c636
<<<<<<< 4b82fd844271780ff29f3529c38548bd88192168
=======
>>>>>>> Added Rotation but need to debug intial moment
    <Filter Include="src\Screens">
      <UniqueIdentifier>{19f9999e-94ef-43e7-8720-3e1bf4b296b0}</UniqueIdentifier>
    </Filter>
    <Filter Include="header\Screens">
      <UniqueIdentifier>{3d32bb50-a2d9-4eca-84e2-774491f9b6eb}</UniqueIdentifier>
    </Filter>
<<<<<<< 1348b97885bf65f97e68d2366ef6208dc902c636
=======
>>>>>>> Added trigger acceleration for player
=======
>>>>>>> Added Rotation but need to debug intial moment
  </ItemGroup>
  <ItemGroup>
    <Filter Include="src">
      <UniqueIdentifier>{04493249-09c1-442a-9049-8c330cef3679}</UniqueIdentifier>
    </Filter>
    <Filter Include="header">
      <UniqueIdentifier>{2a1b5bda-f5ba-417f-8043-7488ebec29cc}</UniqueIdentifier>
    </Filter>
    <Filter Include="src\Screens">
      <UniqueIdentifier>{19f9999e-94ef-43e7-8720-3e1bf4b296b0}</UniqueIdentifier>
    </Filter>
    <Filter Include="header\Screens">
      <UniqueIdentifier>{3d32bb50-a2d9-4eca-84e2-774491f9b6eb}</UniqueIdentifier>
    </Filter>
  </ItemGroup>
</Project>