<?xml version="1.0" encoding="utf-8"?>
<Project ToolsVersion="4.0" xmlns="http://schemas.microsoft.com/developer/msbuild/2003">
  <ItemGroup>
    <ClCompile Include="src\Ai.cpp">
      <Filter>src</Filter>
    </ClCompile>
    <ClCompile Include="src\BTMath.cpp">
      <Filter>src</Filter>
    </ClCompile>
    <ClCompile Include="src\Car.cpp">
      <Filter>src</Filter>
    </ClCompile>
    <ClCompile Include="src\Game.cpp">
      <Filter>src</Filter>
    </ClCompile>
    <ClCompile Include="src\LevelLoader.cpp">
      <Filter>src</Filter>
    </ClCompile>
    <ClCompile Include="src\main.cpp">
      <Filter>src</Filter>
    </ClCompile>
    <ClCompile Include="src\Node.cpp">
      <Filter>src</Filter>
    </ClCompile>
    <ClCompile Include="src\ResourceManager.cpp">
      <Filter>src</Filter>
    </ClCompile>
    <ClCompile Include="src\RoadTile.cpp">
      <Filter>src</Filter>
    </ClCompile>
    <ClCompile Include="src\Widget.cpp">
      <Filter>src</Filter>
    </ClCompile>
    <ClCompile Include="src\Xbox360Controller.cpp">
      <Filter>src</Filter>
    </ClCompile>
    <ClCompile Include="src\Splash.cpp">
      <Filter>src\Screens</Filter>
    </ClCompile>
    <ClCompile Include="src\Play.cpp">
      <Filter>src\Screens</Filter>
    </ClCompile>
    <ClCompile Include="src\Options.cpp">
      <Filter>src\Screens</Filter>
    </ClCompile>
    <ClCompile Include="src\Menu.cpp">
      <Filter>src\Screens</Filter>
    </ClCompile>
    <ClCompile Include="src\Garage.cpp">
      <Filter>src\Screens</Filter>
    </ClCompile>
    <ClCompile Include="src\PreRace.cpp">
      <Filter>src\Screens</Filter>
    </ClCompile>
    <ClCompile Include="src\Player.cpp">
      <Filter>src</Filter>
    </ClCompile>
  </ItemGroup>
  <ItemGroup>
    <ClInclude Include="include\Ai.h">
      <Filter>header</Filter>
    </ClInclude>
    <ClInclude Include="include\BTMath.h">
      <Filter>header</Filter>
    </ClInclude>
    <ClInclude Include="include\Car.h">
      <Filter>header</Filter>
    </ClInclude>
    <ClInclude Include="include\Game.h">
      <Filter>header</Filter>
    </ClInclude>
    <ClInclude Include="include\GameState.h">
      <Filter>header</Filter>
    </ClInclude>
    <ClInclude Include="include\LevelLoader.h">
      <Filter>header</Filter>
    </ClInclude>
    <ClInclude Include="include\Node.h">
      <Filter>header</Filter>
    </ClInclude>
    <ClInclude Include="include\RoadTile.h">
      <Filter>header</Filter>
    </ClInclude>
    <ClInclude Include="include\Widget.h">
      <Filter>header</Filter>
    </ClInclude>
    <ClInclude Include="include\Xbox360Controller.h">
      <Filter>header</Filter>
    </ClInclude>
    <ClInclude Include="include\Splash.h">
      <Filter>header\Screens</Filter>
    </ClInclude>
    <ClInclude Include="include\Play.h">
      <Filter>header\Screens</Filter>
    </ClInclude>
    <ClInclude Include="include\Options.h">
      <Filter>header\Screens</Filter>
    </ClInclude>
    <ClInclude Include="include\Menu.h">
      <Filter>header\Screens</Filter>
    </ClInclude>
    <ClInclude Include="include\Garage.h">
      <Filter>header\Screens</Filter>
    </ClInclude>
    <ClCompile Include="src\Menu.cpp">
      <Filter>src</Filter>
    </ClCompile>
    <ClInclude Include="include\ResourceManager.h">
      <Filter>header</Filter>
    </ClInclude>
    <ClInclude Include="include\PreRace.h">
      <Filter>header\Screens</Filter>
    </ClInclude>
    <ClInclude Include="include\Player.h">
      <Filter>header</Filter>
    </ClInclude>
  </ItemGroup>
  <ItemGroup>
    <Filter Include="src">
      <UniqueIdentifier>{04493249-09c1-442a-9049-8c330cef3679}</UniqueIdentifier>
    </Filter>
    <Filter Include="header">
      <UniqueIdentifier>{2a1b5bda-f5ba-417f-8043-7488ebec29cc}</UniqueIdentifier>
    </Filter>
    <Filter Include="src\Screens">
      <UniqueIdentifier>{19f9999e-94ef-43e7-8720-3e1bf4b296b0}</UniqueIdentifier>
    </Filter>
    <Filter Include="header\Screens">
      <UniqueIdentifier>{3d32bb50-a2d9-4eca-84e2-774491f9b6eb}</UniqueIdentifier>
    </Filter>
  </ItemGroup>
  <ItemGroup>
    <Image Include="resources\images\UI\menu.jpg" />
  </ItemGroup>
</Project>