<?xml version="1.0" encoding="utf-8"?>
<Project ToolsVersion="4.0" xmlns="http://schemas.microsoft.com/developer/msbuild/2003">
  <ItemGroup>
    <ClCompile Include="src\Ai.cpp" />
    <ClCompile Include="src\Car.cpp" />
    <ClCompile Include="src\Game.cpp" />
    <ClCompile Include="src\Garage.cpp" />
    <ClCompile Include="src\LevelLoader.cpp" />
    <ClCompile Include="src\main.cpp" />
    <ClCompile Include="src\Menu.cpp" />
    <ClCompile Include="src\Node.cpp" />
    <ClCompile Include="src\Options.cpp" />
    <ClCompile Include="src\Play.cpp" />
    <ClCompile Include="src\ResourceManager.cpp" />
    <ClCompile Include="src\RoadTile.cpp" />
    <ClCompile Include="src\Splash.cpp" />
    <ClCompile Include="src\Widget.cpp" />
    <ClCompile Include="src\Xbox360Controller.cpp" />
  </ItemGroup>
  <ItemGroup>
    <ClInclude Include="include\Ai.h" />
    <ClInclude Include="include\Car.h" />
    <ClInclude Include="include\Game.h" />
    <ClInclude Include="include\GameState.h" />
    <ClInclude Include="include\Garage.h" />
    <ClInclude Include="include\LevelLoader.h" />
    <ClInclude Include="include\Menu.h" />
    <ClInclude Include="include\Node.h" />
    <ClInclude Include="include\Options.h" />
    <ClInclude Include="include\Play.h" />
    <ClInclude Include="include\RoadTile.h" />
    <ClInclude Include="include\Splash.h" />
    <ClInclude Include="include\Widget.h" />
    <ClInclude Include="include\Xbox360Controller.h" />
    <ClInclude Include="include\ResourceManager.h" />
  </ItemGroup>
  <ItemGroup>
    <Image Include="resources\images\UI\menu.jpg" />
  </ItemGroup>
</Project>